
Microsoft Visual Studio Solution File, Format Version 12.00
# Visual Studio 2013
VisualStudioVersion = 12.0.30501.0
MinimumVisualStudioVersion = 10.0.40219.1
Project("{FAE04EC0-301F-11D3-BF4B-00C04F79EFBC}") = "algo", "algo.csproj", "{F279342B-574D-444E-A1C3-59A9C05791EA}"
EndProject
Global
	GlobalSection(SolutionConfigurationPlatforms) = preSolution
		Debug|Any CPU = Debug|Any CPU
		Release|Any CPU = Release|Any CPU
	EndGlobalSection
	GlobalSection(ProjectConfigurationPlatforms) = postSolution
		{F279342B-574D-444E-A1C3-59A9C05791EA}.Debug|Any CPU.ActiveCfg = Debug|Any CPU
		{F279342B-574D-444E-A1C3-59A9C05791EA}.Debug|Any CPU.Build.0 = Debug|Any CPU
		{F279342B-574D-444E-A1C3-59A9C05791EA}.Release|Any CPU.ActiveCfg = Release|Any CPU
		{F279342B-574D-444E-A1C3-59A9C05791EA}.Release|Any CPU.Build.0 = Release|Any CPU
	EndGlobalSection
	GlobalSection(SolutionProperties) = preSolution
		HideSolutionNode = FALSE
	EndGlobalSection
EndGlobal
